{
  "provider_schemas": {
    "huaweicloud/huaweicloud": {
      "resource_schemas": {
        "huaweicloud_cc_bandwidth_package": {
          "block": {
            "attributes": {
              "bandwidth": {
                "type": "number",
                "required": true
              },
              "billing_mode": {
                "type": "string",
                "required": true
              },
              "charge_mode": {
                "type": "string",
                "required": true
              },
              "created_at": {
                "type": "string",
                "computed": true
              },
              "description": {
                "type": "string",
                "optional": true,
                "computed": true
              },
              "enterprise_project_id": {
                "type": "string",
                "optional": true,
                "computed": true
              },
              "id": {
                "type": "string",
                "computed": true
              },
              "interflow_mode": {
                "type": "string",
                "optional": true,
                "computed": true
              },
              "local_area_id": {
                "type": "string",
                "required": true
              },
              "name": {
                "type": "string",
                "required": true
              },
              "order_id": {
                "type": "string",
                "computed": true
              },
              "product_id": {
                "type": "string",
                "computed": true
              },
              "project_id": {
                "type": "string",
                "optional": true,
                "computed": true
              },
              "region": {
                "type": "string",
                "computed": true
              },
              "remote_area_id": {
                "type": "string",
                "required": true
              },
              "resource_id": {
                "type": "string",
                "optional": true,
                "computed": true
              },
              "resource_type": {
                "type": "string",
                "optional": true,
                "computed": true
              },
              "spec_code": {
                "type": "string",
                "optional": true,
                "computed": true
              },
              "status": {
                "type": "string",
                "computed": true
              },
              "tags": {
                "type": [
                  "map",
                  "string"
                ],
                "optional": true,
                "computed": true
              },
              "updated_at": {
                "type": "string",
                "computed": true
              }
            },
            "block_types": {
              "prepaid_options": {
                "block": {
                  "attributes": {
                    "is_auto_renew": {
                      "type": "bool",
                      "optional": true
                    },
                    "period_num": {
                      "type": "number",
                      "required": true
                    },
                    "period_type": {
                      "type": "string",
                      "required": true
                    }
                  }
                },
                "nesting_mode": "list",
                "max_items": 1
              }
            }
          },
          "product": {
            "short": "CC",
            "name": "Cloud Connect",
            "catalog": "Networking",
            "name_cn": "云连接",
            "catalog_cn": "网络"
          }
        }
      }
    }
  }
}
