{
  "provider_schemas": {
    "huaweicloud/huaweicloud": {
      "resource_schemas": {
        "huaweicloud_cfw_eip_alarm_whitelist": {
          "block": {
            "attributes": {
              "device_name": {
                "type": "string",
                "computed": true
              },
              "eip_id": {
                "type": "string",
                "required": true
              },
              "enterprise_project_id": {
                "type": "string",
                "optional": true
              },
              "fw_instance_id": {
                "type": "string",
                "required": true
              },
              "id": {
                "type": "string",
                "computed": true
              },
              "object_id": {
                "type": "string",
                "optional": true
              },
              "public_ip": {
                "type": "string",
                "required": true
              },
              "public_ipv6": {
                "type": "string",
                "optional": true,
                "computed": true
              },
              "region": {
                "type": "string",
                "computed": true
              },
              "type": {
                "type": "number",
                "computed": true
              }
            }
          },
          "product": {
            "short": "CFW",
            "name": "Cloud Firewall",
            "catalog": "Security & Compliance",
            "name_cn": "云防火墙",
            "catalog_cn": "安全与合规"
          }
        }
      }
    }
  }
}
