{
  "provider_schemas": {
    "huaweicloud/huaweicloud": {
      "resource_schemas": {
        "huaweicloud_cfw_batch_update_acl_rules_action": {
          "block": {
            "attributes": {
              "action": {
                "type": "string",
                "required": true
              },
              "data": {
                "type": [
                  "list",
                  "string"
                ],
                "computed": true
              },
              "enterprise_project_id": {
                "type": "string",
                "optional": true
              },
              "fw_instance_id": {
                "type": "string",
                "optional": true
              },
              "id": {
                "type": "string",
                "computed": true
              },
              "object_id": {
                "type": "string",
                "required": true
              },
              "region": {
                "type": "string",
                "computed": true
              },
              "rule_ids": {
                "type": [
                  "list",
                  "string"
                ],
                "required": true
              }
            }
          },
          "product": {
            "short": "CFW",
            "name": "Cloud Firewall",
            "catalog": "Security & Compliance",
            "name_cn": "云防火墙",
            "catalog_cn": "安全与合规"
          }
        }
      }
    }
  }
}
