{
  "provider_schemas": {
    "huaweicloud/huaweicloud": {
      "resource_schemas": {
        "huaweicloud_cse_microservice_instance": {
          "block": {
            "attributes": {
              "admin_pass": {
                "type": "string",
                "description": "The user password that used to pass the RBAC control.",
                "optional": true,
                "sensitive": true
              },
              "admin_user": {
                "type": "string",
                "description": "The user name that used to pass the RBAC control.",
                "optional": true
              },
              "auth_address": {
                "type": "string",
                "description": "The address that used to request the access token.",
                "required": true
              },
              "connect_address": {
                "type": "string",
                "description": "The address that used to access engine and manages microservice instance.",
                "required": true
              },
              "endpoints": {
                "type": [
                  "list",
                  "string"
                ],
                "description": "The list of access addresses of the microservice instance.",
                "required": true
              },
              "enterprise_project_id": {
                "type": "string",
                "description": "The enterprise project ID to which the microservice instance belongs.",
                "optional": true,
                "computed": true
              },
              "host_name": {
                "type": "string",
                "description": "The host name of the microservice instance.",
                "required": true
              },
              "id": {
                "type": "string",
                "computed": true
              },
              "microservice_id": {
                "type": "string",
                "description": "The ID of the microservice to which the microservice instance belongs.",
                "required": true
              },
              "properties": {
                "type": [
                  "map",
                  "string"
                ],
                "description": "The extended attributes of the microservice instance, in key/value format.",
                "optional": true,
                "computed": true
              },
              "status": {
                "type": "string",
                "description": "The status of the microservice instance.",
                "optional": true,
                "computed": true
              },
              "version": {
                "type": "string",
                "description": "The version of the microservice instance.",
                "optional": true,
                "computed": true
              }
            },
            "block_types": {
              "data_center": {
                "block": {
                  "attributes": {
                    "availability_zone": {
                      "type": "string",
                      "description": "The custom availability zone of the data center.",
                      "required": true
                    },
                    "name": {
                      "type": "string",
                      "description": "The name of the data center.",
                      "required": true
                    },
                    "region": {
                      "type": "string",
                      "description": "The custom region name of the data center.",
                      "required": true
                    }
                  },
                  "description": "The data center configuration of the microservice instance."
                },
                "nesting_mode": "list",
                "max_items": 1
              },
              "health_check": {
                "block": {
                  "attributes": {
                    "interval": {
                      "type": "number",
                      "description": "The heartbeat interval of the health check, in seconds.",
                      "required": true
                    },
                    "max_retries": {
                      "type": "number",
                      "description": "The maximum retry number of the health check.",
                      "required": true
                    },
                    "mode": {
                      "type": "string",
                      "description": "The heartbeat mode of the health check.",
                      "required": true
                    },
                    "port": {
                      "type": "number",
                      "description": "The port of the health check.",
                      "optional": true,
                      "computed": true
                    }
                  },
                  "description": "The health check configuration of the microservice instance."
                },
                "nesting_mode": "list",
                "max_items": 1
              }
            }
          },
          "product": {
            "short": "CSE",
            "name": "Cloud Service Engine",
            "catalog": "Middleware",
            "name_cn": "微服务引擎",
            "catalog_cn": "应用中间件"
          }
        }
      }
    }
  }
}
