{
  "provider_schemas": {
    "huaweicloud/huaweicloud": {
      "resource_schemas": {
        "huaweicloud_cse_microservice": {
          "block": {
            "attributes": {
              "admin_pass": {
                "type": "string",
                "description": "The user password that used to pass the RBAC control.",
                "optional": true,
                "sensitive": true
              },
              "admin_user": {
                "type": "string",
                "description": "The user name that used to pass the RBAC control.",
                "optional": true
              },
              "app_name": {
                "type": "string",
                "description": "The name of the microservice application.",
                "required": true
              },
              "auth_address": {
                "type": "string",
                "description": "The address that used to request the access token.",
                "required": true
              },
              "connect_address": {
                "type": "string",
                "description": "The address that used to access engine and manages microservice.",
                "required": true
              },
              "description": {
                "type": "string",
                "description": "The description of the microservice.",
                "optional": true
              },
              "enterprise_project_id": {
                "type": "string",
                "description": "The enterprise project ID to which the microservice belongs.",
                "optional": true,
                "computed": true
              },
              "environment": {
                "type": "string",
                "description": "The environment (stage) type of the microservice.",
                "optional": true
              },
              "id": {
                "type": "string",
                "computed": true
              },
              "level": {
                "type": "string",
                "description": "The level of the microservice.",
                "optional": true
              },
              "name": {
                "type": "string",
                "description": "The name of the microservice.",
                "required": true
              },
              "status": {
                "type": "string",
                "description": "The status of the microservice.",
                "computed": true
              },
              "version": {
                "type": "string",
                "description": "The version of the microservice.",
                "required": true
              }
            }
          },
          "product": {
            "short": "CSE",
            "name": "Cloud Service Engine",
            "catalog": "Middleware",
            "name_cn": "微服务引擎",
            "catalog_cn": "应用中间件"
          }
        }
      }
    }
  }
}
