{
  "provider_schemas": {
    "huaweicloud/huaweicloud": {
      "resource_schemas": {
        "huaweicloud_css_ai_ops_setting": {
          "block": {
            "attributes": {
              "check_items": {
                "type": [
                  "set",
                  "string"
                ],
                "optional": true,
                "computed": true
              },
              "check_type": {
                "type": "string",
                "required": true
              },
              "cluster_id": {
                "type": "string",
                "required": true
              },
              "id": {
                "type": "string",
                "computed": true
              },
              "period": {
                "type": "string",
                "required": true
              },
              "region": {
                "type": "string",
                "computed": true
              }
            }
          },
          "product": {
            "short": "CSS",
            "name": "Cloud Search Service",
            "catalog": "Analytics",
            "name_cn": "云搜索服务",
            "catalog_cn": "大数据"
          }
        }
      }
    }
  }
}
