{
  "provider_schemas": {
    "huaweicloud/huaweicloud": {
      "resource_schemas": {
        "huaweicloud_dns_custom_line": {
          "block": {
            "attributes": {
              "description": {
                "type": "string",
                "description": "The custom line description.",
                "optional": true
              },
              "id": {
                "type": "string",
                "computed": true
              },
              "ip_segments": {
                "type": [
                  "set",
                  "string"
                ],
                "description": "The IP address range.",
                "required": true
              },
              "name": {
                "type": "string",
                "description": "The custom line name.",
                "required": true
              },
              "region": {
                "type": "string",
                "description": "The region where the custom line is located.",
                "computed": true
              },
              "status": {
                "type": "string",
                "description": "The resource status.",
                "computed": true
              }
            }
          },
          "product": {
            "short": "DNS",
            "name": "Domain Name Service",
            "catalog": "Networking",
            "name_cn": "云解析服务",
            "catalog_cn": "网络"
          }
        }
      }
    }
  }
}
