{
  "provider_schemas": {
    "huaweicloud/huaweicloud": {
      "resource_schemas": {
        "huaweicloud_dws_cluster_eip_associate": {
          "block": {
            "attributes": {
              "cluster_id": {
                "type": "string",
                "description": "The ID of the cluster to which the EIP is associated.",
                "required": true
              },
              "eip_id": {
                "type": "string",
                "description": "The ID of the EIP to be associated with the DWS cluster.",
                "required": true
              },
              "id": {
                "type": "string",
                "computed": true
              },
              "public_ip": {
                "type": "string",
                "description": "The public IP address of the cluster endpoint.",
                "computed": true
              },
              "public_port": {
                "type": "number",
                "description": "The public port of the cluster endpoint.",
                "computed": true
              },
              "region": {
                "type": "string",
                "description": "The region where the cluster (to which the EIP associated) is located.",
                "computed": true
              }
            }
          },
          "product": {
            "short": "DWS",
            "name": "Data Warehouse Service",
            "catalog": "Analytics",
            "name_cn": "数据仓库服务",
            "catalog_cn": "大数据"
          }
        }
      }
    }
  }
}
