{
  "provider_schemas": {
    "huaweicloud/huaweicloud": {
      "resource_schemas": {
        "huaweicloud_dws_public_domain_associate": {
          "block": {
            "attributes": {
              "cluster_id": {
                "type": "string",
                "description": "The ID of the DWS cluster.",
                "required": true
              },
              "domain_name": {
                "type": "string",
                "description": "The public domain name.",
                "required": true
              },
              "id": {
                "type": "string",
                "computed": true
              },
              "region": {
                "type": "string",
                "description": "The region where the cluster (to which the public domain belongs) is located.",
                "computed": true
              },
              "ttl": {
                "type": "number",
                "description": "The cache period of the SOA record set, in seconds.",
                "optional": true,
                "computed": true
              }
            }
          },
          "product": {
            "short": "DWS",
            "name": "Data Warehouse Service",
            "catalog": "Analytics",
            "name_cn": "数据仓库服务",
            "catalog_cn": "大数据"
          }
        }
      }
    }
  }
}
