{
  "provider_schemas": {
    "huaweicloud/huaweicloud": {
      "resource_schemas": {
        "huaweicloud_identity_agency": {
          "block": {
            "attributes": {
              "all_resources_roles": {
                "type": [
                  "set",
                  "string"
                ],
                "description": "The roles assignment for the agency which the all resources are used to grant.",
                "optional": true
              },
              "create_time": {
                "type": "string",
                "description": "The creation time of the agency.",
                "computed": true
              },
              "delegated_domain_name": {
                "type": "string",
                "description": "The name of the delegated user domain.",
                "required": true
              },
              "description": {
                "type": "string",
                "description": "The description (supplementary information) of the agency.",
                "optional": true
              },
              "domain_roles": {
                "type": [
                  "set",
                  "string"
                ],
                "description": "The roles assignment for the agency which the domain are used to grant.",
                "optional": true
              },
              "duration": {
                "type": "string",
                "description": "The validity period of the agency.",
                "optional": true,
                "default": "FOREVER"
              },
              "expire_time": {
                "type": "string",
                "description": "The expiration time of the agency.",
                "computed": true
              },
              "force_dissociate_v5_policies": {
                "type": "bool",
                "description": "Whether to force dissociate the associated v5 policies when deleting the agency.",
                "optional": true,
                "default": false
              },
              "id": {
                "type": "string",
                "computed": true
              },
              "name": {
                "type": "string",
                "description": "The name of the agency.",
                "required": true
              }
            },
            "block_types": {
              "enterprise_project_roles": {
                "block": {
                  "attributes": {
                    "enterprise_project": {
                      "type": "string",
                      "description": "The name of the enterprise project.",
                      "required": true
                    },
                    "roles": {
                      "type": [
                        "set",
                        "string"
                      ],
                      "description": "The list of role names used for assignment in a specified enterprise project.",
                      "required": true
                    }
                  },
                  "description": "The roles assignment for the agency which the enterprise projects are used to grant."
                },
                "nesting_mode": "set"
              },
              "project_role": {
                "block": {
                  "attributes": {
                    "project": {
                      "type": "string",
                      "description": "The name of the project.",
                      "required": true
                    },
                    "roles": {
                      "type": [
                        "set",
                        "string"
                      ],
                      "description": "The list of role names used for assignment in a specified project.",
                      "required": true
                    }
                  },
                  "description": "The roles assignment for the agency which the projects are used to grant."
                },
                "nesting_mode": "set"
              }
            }
          },
          "product": {
            "short": "IAM",
            "name": "Identity and Access Management",
            "catalog": "Management & Governance",
            "name_cn": "统一身份认证服务",
            "catalog_cn": "管理与监管"
          }
        }
      }
    }
  }
}
