{
  "provider_schemas": {
    "huaweicloud/huaweicloud": {
      "resource_schemas": {
        "huaweicloud_mapreduce_cluster_default_tags_switch": {
          "block": {
            "attributes": {
              "action": {
                "type": "string",
                "description": "The type of the action.",
                "required": true
              },
              "cluster_id": {
                "type": "string",
                "description": "The ID of the cluster.",
                "required": true
              },
              "default_tags_enable": {
                "type": "bool",
                "description": "Whether the default tags switch is enabled.",
                "computed": true
              },
              "id": {
                "type": "string",
                "computed": true
              },
              "region": {
                "type": "string",
                "description": "The region where the cluster default tags switch is located.",
                "computed": true
              }
            }
          },
          "product": {
            "short": "MRS",
            "name": "MapReduce Service",
            "catalog": "Analytics",
            "name_cn": "MapReduce服务",
            "catalog_cn": "大数据"
          }
        }
      }
    }
  }
}
