{
  "provider_schemas": {
    "huaweicloud/huaweicloud": {
      "resource_schemas": {
        "huaweicloud_organizations_account_associate": {
          "block": {
            "attributes": {
              "account_id": {
                "type": "string",
                "description": "The ID of the account.",
                "required": true,
                "forcenew": true
              },
              "id": {
                "type": "string",
                "computed": true
              },
              "joined_at": {
                "type": "string",
                "description": "The time when the account was created.",
                "computed": true
              },
              "joined_method": {
                "type": "string",
                "description": "How an account joined an organization.",
                "computed": true
              },
              "name": {
                "type": "string",
                "description": "The name of the account.",
                "computed": true
              },
              "parent_id": {
                "type": "string",
                "description": "The ID of root or organizational unit in which you want to move the account.",
                "required": true
              },
              "urn": {
                "type": "string",
                "description": "The uniform resource name of the account.",
                "computed": true
              }
            }
          },
          "product": {
            "short": "Organizations",
            "name": "Organizations",
            "catalog": "Management & Governance",
            "name_cn": "组织",
            "catalog_cn": "管理与监管"
          }
        }
      }
    }
  }
}
