{
  "provider_schemas": {
    "huaweicloud/huaweicloud": {
      "resource_schemas": {
        "huaweicloud_rds_parametergroup_compare": {
          "block": {
            "attributes": {
              "id": {
                "type": "string",
                "computed": true
              },
              "parameters": {
                "type": [
                  "list",
                  [
                    "object",
                    {
                      "name": "string",
                      "source_value": "string",
                      "target_value": "string"
                    }
                  ]
                ],
                "computed": true
              },
              "region": {
                "type": "string",
                "computed": true
              },
              "source_id": {
                "type": "string",
                "required": true
              },
              "source_name": {
                "type": "string",
                "computed": true
              },
              "target_id": {
                "type": "string",
                "required": true
              },
              "target_name": {
                "type": "string",
                "computed": true
              }
            }
          },
          "product": {
            "short": "RDS",
            "name": "Relational Database Service",
            "catalog": "Databases",
            "name_cn": "云数据库",
            "catalog_cn": "数据库"
          }
        }
      }
    }
  }
}
