{
  "provider_schemas": {
    "huaweicloud/huaweicloud": {
      "resource_schemas": {
        "huaweicloud_taurusdb_instance_node_config": {
          "block": {
            "attributes": {
              "id": {
                "type": "string",
                "computed": true
              },
              "instance_id": {
                "type": "string",
                "required": true,
                "forcenew": true
              },
              "name": {
                "type": "string",
                "optional": true,
                "computed": true
              },
              "node_id": {
                "type": "string",
                "required": true,
                "forcenew": true
              },
              "priority": {
                "type": "number",
                "optional": true,
                "computed": true
              },
              "region": {
                "type": "string",
                "computed": true
              }
            }
          }
        }
      }
    }
  }
}
